
Microsoft Visual Studio Solution File, Format Version 12.00
# Visual Studio Version 16
VisualStudioVersion = 16.0.29409.12
MinimumVisualStudioVersion = 10.0.40219.1
Project("{9A19103F-16F7-4668-BE54-9A1E7A4F7556}") = "Business360.sso.Core", "src\Business360.sso.Core\Business360.sso.Core.csproj", "{3339B462-2539-4AE4-93C7-F0F090404A2D}"
EndProject
Project("{9A19103F-16F7-4668-BE54-9A1E7A4F7556}") = "Business360.sso.Infrastructure", "src\Business360.sso.Infrastructure\Business360.sso.Infrastructure.csproj", "{DEA0E63C-6C3F-4BF1-BD48-126817524BB0}"
EndProject
Project("{9A19103F-16F7-4668-BE54-9A1E7A4F7556}") = "Business360.sso.Data", "src\Business360.sso.Data\Business360.sso.Data.csproj", "{B103CE70-7E09-46F6-9BB5-A7AB98AA390C}"
EndProject
Project("{9A19103F-16F7-4668-BE54-9A1E7A4F7556}") = "Business360.sso.Api", "src\Business360.sso.Api\Business360.sso.Api.csproj", "{7A68C42C-CAF8-487C-9003-B6E2F23EDE57}"
EndProject
Project("{9A19103F-16F7-4668-BE54-9A1E7A4F7556}") = "Business360.sso.TestClient", "Business360.sso.TestClient\Business360.sso.TestClient.csproj", "{7CBB08C1-89C1-4EC0-B4A0-6A5F8D9E3A8C}"
EndProject
Project("{FAE04EC0-301F-11D3-BF4B-00C04F79EFBC}") = "Business360.sso.IdentityServer", "src\Business360.sso.IdentityServer\Business360.sso.IdentityServer.csproj", "{7B195876-0054-45F1-9962-BAF52F86D63D}"
EndProject
Global
	GlobalSection(SolutionConfigurationPlatforms) = preSolution
		Debug|Any CPU = Debug|Any CPU
		Release|Any CPU = Release|Any CPU
	EndGlobalSection
	GlobalSection(ProjectConfigurationPlatforms) = postSolution
		{3339B462-2539-4AE4-93C7-F0F090404A2D}.Debug|Any CPU.ActiveCfg = Debug|Any CPU
		{3339B462-2539-4AE4-93C7-F0F090404A2D}.Debug|Any CPU.Build.0 = Debug|Any CPU
		{3339B462-2539-4AE4-93C7-F0F090404A2D}.Release|Any CPU.ActiveCfg = Release|Any CPU
		{3339B462-2539-4AE4-93C7-F0F090404A2D}.Release|Any CPU.Build.0 = Release|Any CPU
		{DEA0E63C-6C3F-4BF1-BD48-126817524BB0}.Debug|Any CPU.ActiveCfg = Debug|Any CPU
		{DEA0E63C-6C3F-4BF1-BD48-126817524BB0}.Debug|Any CPU.Build.0 = Debug|Any CPU
		{DEA0E63C-6C3F-4BF1-BD48-126817524BB0}.Release|Any CPU.ActiveCfg = Release|Any CPU
		{DEA0E63C-6C3F-4BF1-BD48-126817524BB0}.Release|Any CPU.Build.0 = Release|Any CPU
		{B103CE70-7E09-46F6-9BB5-A7AB98AA390C}.Debug|Any CPU.ActiveCfg = Debug|Any CPU
		{B103CE70-7E09-46F6-9BB5-A7AB98AA390C}.Debug|Any CPU.Build.0 = Debug|Any CPU
		{B103CE70-7E09-46F6-9BB5-A7AB98AA390C}.Release|Any CPU.ActiveCfg = Release|Any CPU
		{B103CE70-7E09-46F6-9BB5-A7AB98AA390C}.Release|Any CPU.Build.0 = Release|Any CPU
		{7A68C42C-CAF8-487C-9003-B6E2F23EDE57}.Debug|Any CPU.ActiveCfg = Debug|Any CPU
		{7A68C42C-CAF8-487C-9003-B6E2F23EDE57}.Debug|Any CPU.Build.0 = Debug|Any CPU
		{7A68C42C-CAF8-487C-9003-B6E2F23EDE57}.Release|Any CPU.ActiveCfg = Release|Any CPU
		{7A68C42C-CAF8-487C-9003-B6E2F23EDE57}.Release|Any CPU.Build.0 = Release|Any CPU
		{7CBB08C1-89C1-4EC0-B4A0-6A5F8D9E3A8C}.Debug|Any CPU.ActiveCfg = Debug|Any CPU
		{7CBB08C1-89C1-4EC0-B4A0-6A5F8D9E3A8C}.Debug|Any CPU.Build.0 = Debug|Any CPU
		{7CBB08C1-89C1-4EC0-B4A0-6A5F8D9E3A8C}.Release|Any CPU.ActiveCfg = Release|Any CPU
		{7CBB08C1-89C1-4EC0-B4A0-6A5F8D9E3A8C}.Release|Any CPU.Build.0 = Release|Any CPU
		{7B195876-0054-45F1-9962-BAF52F86D63D}.Debug|Any CPU.ActiveCfg = Debug|Any CPU
		{7B195876-0054-45F1-9962-BAF52F86D63D}.Debug|Any CPU.Build.0 = Debug|Any CPU
		{7B195876-0054-45F1-9962-BAF52F86D63D}.Release|Any CPU.ActiveCfg = Release|Any CPU
		{7B195876-0054-45F1-9962-BAF52F86D63D}.Release|Any CPU.Build.0 = Release|Any CPU
	EndGlobalSection
	GlobalSection(SolutionProperties) = preSolution
		HideSolutionNode = FALSE
	EndGlobalSection
	GlobalSection(ExtensibilityGlobals) = postSolution
		SolutionGuid = {BC1656AB-EFB3-4028-A778-9003978A3B17}
	EndGlobalSection
EndGlobal
